// !$*UTF8*$!
{
	archiveVersion = 1;
	classes = {
	};
	objectVersion = 50;
	objects = {

/* Begin PBXBuildFile section */
		B67621CA241D4BEA00A3C79C /* AppDelegate.swift in Sources */ = {isa = PBXBuildFile; fileRef = B67621C9241D4BEA00A3C79C /* AppDelegate.swift */; };
		B67621CE241D4BEA00A3C79C /* ViewController.swift in Sources */ = {isa = PBXBuildFile; fileRef = B67621CD241D4BEA00A3C79C /* ViewController.swift */; };
		B67621D1241D4BEA00A3C79C /* Main.storyboard in Resources */ = {isa = PBXBuildFile; fileRef = B67621CF241D4BEA00A3C79C /* Main.storyboard */; };
		B67621D3241D4BEB00A3C79C /* Assets.xcassets in Resources */ = {isa = PBXBuildFile; fileRef = B67621D2241D4BEB00A3C79C /* Assets.xcassets */; };
		B67621D6241D4BEB00A3C79C /* LaunchScreen.storyboard in Resources */ = {isa = PBXBuildFile; fileRef = B67621D4241D4BEB00A3C79C /* LaunchScreen.storyboard */; };
		B67621E1241D4C6C00A3C79C /* InnerView.swift in Sources */ = {isa = PBXBuildFile; fileRef = B67621E0241D4C6C00A3C79C /* InnerView.swift */; };
		B6CE2EB2241DAB6E00C6DBAA /* SelectionView.swift in Sources */ = {isa = PBXBuildFile; fileRef = B6CE2EB1241DAB6E00C6DBAA /* SelectionView.swift */; };
/* End PBXBuildFile section */

/* Begin PBXFileReference section */
		B67621C6241D4BEA00A3C79C /* Example.app */ = {isa = PBXFileReference; explicitFileType = wrapper.application; includeInIndex = 0; path = Example.app; sourceTree = BUILT_PRODUCTS_DIR; };
		B67621C9241D4BEA00A3C79C /* AppDelegate.swift */ = {isa = PBXFileReference; lastKnownFileType = sourcecode.swift; path = AppDelegate.swift; sourceTree = "<group>"; };
		B67621CD241D4BEA00A3C79C /* ViewController.swift */ = {isa = PBXFileReference; lastKnownFileType = sourcecode.swift; path = ViewController.swift; sourceTree = "<group>"; };
		B67621D0241D4BEA00A3C79C /* Base */ = {isa = PBXFileReference; lastKnownFileType = file.storyboard; name = Base; path = Base.lproj/Main.storyboard; sourceTree = "<group>"; };
		B67621D2241D4BEB00A3C79C /* Assets.xcassets */ = {isa = PBXFileReference; lastKnownFileType = folder.assetcatalog; path = Assets.xcassets; sourceTree = "<group>"; };
		B67621D5241D4BEB00A3C79C /* Base */ = {isa = PBXFileReference; lastKnownFileType = file.storyboard; name = Base; path = Base.lproj/LaunchScreen.storyboard; sourceTree = "<group>"; };
		B67621D7241D4BEB00A3C79C /* Info.plist */ = {isa = PBXFileReference; lastKnownFileType = text.plist.xml; path = Info.plist; sourceTree = "<group>"; };
		B67621E0241D4C6C00A3C79C /* InnerView.swift */ = {isa = PBXFileReference; fileEncoding = 4; lastKnownFileType = sourcecode.swift; name = InnerView.swift; path = ../../SomeInnerView/SomeInnerView/InnerView.swift; sourceTree = "<group>"; };
		B6CE2EB1241DAB6E00C6DBAA /* SelectionView.swift */ = {isa = PBXFileReference; fileEncoding = 4; lastKnownFileType = sourcecode.swift; name = SelectionView.swift; path = ../../SomeInnerView/SomeInnerView/SelectionView.swift; sourceTree = "<group>"; };
/* End PBXFileReference section */

/* Begin PBXFrameworksBuildPhase section */
		B67621C3241D4BEA00A3C79C /* Frameworks */ = {
			isa = PBXFrameworksBuildPhase;
			buildActionMask = 2147483647;
			files = (
			);
			runOnlyForDeploymentPostprocessing = 0;
		};
/* End PBXFrameworksBuildPhase section */

/* Begin PBXGroup section */
		B67621BD241D4BEA00A3C79C = {
			isa = PBXGroup;
			children = (
				B67621C8241D4BEA00A3C79C /* Example */,
				B67621C7241D4BEA00A3C79C /* Products */,
			);
			sourceTree = "<group>";
		};
		B67621C7241D4BEA00A3C79C /* Products */ = {
			isa = PBXGroup;
			children = (
				B67621C6241D4BEA00A3C79C /* Example.app */,
			);
			name = Products;
			sourceTree = "<group>";
		};
		B67621C8241D4BEA00A3C79C /* Example */ = {
			isa = PBXGroup;
			children = (
				B67621DF241D4C2900A3C79C /* Inner */,
				B67621C9241D4BEA00A3C79C /* AppDelegate.swift */,
				B67621CD241D4BEA00A3C79C /* ViewController.swift */,
				B67621CF241D4BEA00A3C79C /* Main.storyboard */,
				B67621D2241D4BEB00A3C79C /* Assets.xcassets */,
				B67621D4241D4BEB00A3C79C /* LaunchScreen.storyboard */,
				B67621D7241D4BEB00A3C79C /* Info.plist */,
			);
			path = Example;
			sourceTree = "<group>";
		};
		B67621DF241D4C2900A3C79C /* Inner */ = {
			isa = PBXGroup;
			children = (
				B6CE2EB1241DAB6E00C6DBAA /* SelectionView.swift */,
				B67621E0241D4C6C00A3C79C /* InnerView.swift */,
			);
			name = Inner;
			sourceTree = "<group>";
		};
/* End PBXGroup section */

/* Begin PBXNativeTarget section */
		B67621C5241D4BEA00A3C79C /* Example */ = {
			isa = PBXNativeTarget;
			buildConfigurationList = B67621DA241D4BEB00A3C79C /* Build configuration list for PBXNativeTarget "Example" */;
			buildPhases = (
				B67621C2241D4BEA00A3C79C /* Sources */,
				B67621C3241D4BEA00A3C79C /* Frameworks */,
				B67621C4241D4BEA00A3C79C /* Resources */,
			);
			buildRules = (
			);
			dependencies = (
			);
			name = Example;
			productName = Example;
			productReference = B67621C6241D4BEA00A3C79C /* Example.app */;
			productType = "com.apple.product-type.application";
		};
/* End PBXNativeTarget section */

/* Begin PBXProject section */
		B67621BE241D4BEA00A3C79C /* Project object */ = {
			isa = PBXProject;
			attributes = {
				LastSwiftUpdateCheck = 1130;
				LastUpgradeCheck = 1130;
				ORGANIZATIONNAME = "SOME projects";
				TargetAttributes = {
					B67621C5241D4BEA00A3C79C = {
						CreatedOnToolsVersion = 11.3.1;
					};
				};
			};
			buildConfigurationList = B67621C1241D4BEA00A3C79C /* Build configuration list for PBXProject "Example" */;
			compatibilityVersion = "Xcode 9.3";
			developmentRegion = en;
			hasScannedForEncodings = 0;
			knownRegions = (
				en,
				Base,
			);
			mainGroup = B67621BD241D4BEA00A3C79C;
			productRefGroup = B67621C7241D4BEA00A3C79C /* Products */;
			projectDirPath = "";
			projectRoot = "";
			targets = (
				B67621C5241D4BEA00A3C79C /* Example */,
			);
		};
/* End PBXProject section */

/* Begin PBXResourcesBuildPhase section */
		B67621C4241D4BEA00A3C79C /* Resources */ = {
			isa = PBXResourcesBuildPhase;
			buildActionMask = 2147483647;
			files = (
				B67621D6241D4BEB00A3C79C /* LaunchScreen.storyboard in Resources */,
				B67621D3241D4BEB00A3C79C /* Assets.xcassets in Resources */,
				B67621D1241D4BEA00A3C79C /* Main.storyboard in Resources */,
			);
			runOnlyForDeploymentPostprocessing = 0;
		};
/* End PBXResourcesBuildPhase section */

/* Begin PBXSourcesBuildPhase section */
		B67621C2241D4BEA00A3C79C /* Sources */ = {
			isa = PBXSourcesBuildPhase;
			buildActionMask = 2147483647;
			files = (
				B67621CE241D4BEA00A3C79C /* ViewController.swift in Sources */,
				B67621E1241D4C6C00A3C79C /* InnerView.swift in Sources */,
				B67621CA241D4BEA00A3C79C /* AppDelegate.swift in Sources */,
				B6CE2EB2241DAB6E00C6DBAA /* SelectionView.swift in Sources */,
			);
			runOnlyForDeploymentPostprocessing = 0;
		};
/* End PBXSourcesBuildPhase section */

/* Begin PBXVariantGroup section */
		B67621CF241D4BEA00A3C79C /* Main.storyboard */ = {
			isa = PBXVariantGroup;
			children = (
				B67621D0241D4BEA00A3C79C /* Base */,
			);
			name = Main.storyboard;
			sourceTree = "<group>";
		};
		B67621D4241D4BEB00A3C79C /* LaunchScreen.storyboard */ = {
			isa = PBXVariantGroup;
			children = (
				B67621D5241D4BEB00A3C79C /* Base */,
			);
			name = LaunchScreen.storyboard;
			sourceTree = "<group>";
		};
/* End PBXVariantGroup section */

/* Begin XCBuildConfiguration section */
		B67621D8241D4BEB00A3C79C /* Debug */ = {
			isa = XCBuildConfiguration;
			buildSettings = {
				ALWAYS_SEARCH_USER_PATHS = NO;
				CLANG_ANALYZER_NONNULL = YES;
				CLANG_ANALYZER_NUMBER_OBJECT_CONVERSION = YES_AGGRESSIVE;
				CLANG_CXX_LANGUAGE_STANDARD = "gnu++14";
				CLANG_CXX_LIBRARY = "libc++";
				CLANG_ENABLE_MODULES = YES;
				CLANG_ENABLE_OBJC_ARC = YES;
				CLANG_ENABLE_OBJC_WEAK = YES;
				CLANG_WARN_BLOCK_CAPTURE_AUTORELEASING = YES;
				CLANG_WARN_BOOL_CONVERSION = YES;
				CLANG_WARN_COMMA = YES;
				CLANG_WARN_CONSTANT_CONVERSION = YES;
				CLANG_WARN_DEPRECATED_OBJC_IMPLEMENTATIONS = YES;
				CLANG_WARN_DIRECT_OBJC_ISA_USAGE = YES_ERROR;
				CLANG_WARN_DOCUMENTATION_COMMENTS = YES;
				CLANG_WARN_EMPTY_BODY = YES;
				CLANG_WARN_ENUM_CONVERSION = YES;
				CLANG_WARN_INFINITE_RECURSION = YES;
				CLANG_WARN_INT_CONVERSION = YES;
				CLANG_WARN_NON_LITERAL_NULL_CONVERSION = YES;
				CLANG_WARN_OBJC_IMPLICIT_RETAIN_SELF = YES;
				CLANG_WARN_OBJC_LITERAL_CONVERSION = YES;
				CLANG_WARN_OBJC_ROOT_CLASS = YES_ERROR;
				CLANG_WARN_RANGE_LOOP_ANALYSIS = YES;
				CLANG_WARN_STRICT_PROTOTYPES = YES;
				CLANG_WARN_SUSPICIOUS_MOVE = YES;
				CLANG_WARN_UNGUARDED_AVAILABILITY = YES_AGGRESSIVE;
				CLANG_WARN_UNREACHABLE_CODE = YES;
				CLANG_WARN__DUPLICATE_METHOD_MATCH = YES;
				COPY_PHASE_STRIP = NO;
				DEBUG_INFORMATION_FORMAT = dwarf;
				ENABLE_STRICT_OBJC_MSGSEND = YES;
				ENABLE_TESTABILITY = YES;
				GCC_C_LANGUAGE_STANDARD = gnu11;
				GCC_DYNAMIC_NO_PIC = NO;
				GCC_NO_COMMON_BLOCKS = YES;
				GCC_OPTIMIZATION_LEVEL = 0;
				GCC_PREPROCESSOR_DEFINITIONS = (
					"DEBUG=1",
					"$(inherited)",
				);
				GCC_WARN_64_TO_32_BIT_CONVERSION = YES;
				GCC_WARN_ABOUT_RETURN_TYPE = YES_ERROR;
				GCC_WARN_UNDECLARED_SELECTOR = YES;
				GCC_WARN_UNINITIALIZED_AUTOS = YES_AGGRESSIVE;
				GCC_WARN_UNUSED_FUNCTION = YES;
				GCC_WARN_UNUSED_VARIABLE = YES;
				IPHONEOS_DEPLOYMENT_TARGET = 13.2;
				MTL_ENABLE_DEBUG_INFO = INCLUDE_SOURCE;
				MTL_FAST_MATH = YES;
				ONLY_ACTIVE_ARCH = YES;
				SDKROOT = iphoneos;
				SWIFT_ACTIVE_COMPILATION_CONDITIONS = DEBUG;
				SWIFT_OPTIMIZATION_LEVEL = "-Onone";
			};
			name = Debug;
		};
		B67621D9241D4BEB00A3C79C /* Release */ = {
			isa = XCBuildConfiguration;
			buildSettings = {
				ALWAYS_SEARCH_USER_PATHS = NO;
				CLANG_ANALYZER_NONNULL = YES;
				CLANG_ANALYZER_NUMBER_OBJECT_CONVERSION = YES_AGGRESSIVE;
				CLANG_CXX_LANGUAGE_STANDARD = "gnu++14";
				CLANG_CXX_LIBRARY = "libc++";
				CLANG_ENABLE_MODULES = YES;
				CLANG_ENABLE_OBJC_ARC = YES;
				CLANG_ENABLE_OBJC_WEAK = YES;
				CLANG_WARN_BLOCK_CAPTURE_AUTORELEASING = YES;
				CLANG_WARN_BOOL_CONVERSION = YES;
				CLANG_WARN_COMMA = YES;
				CLANG_WARN_CONSTANT_CONVERSION = YES;
				CLANG_WARN_DEPRECATED_OBJC_IMPLEMENTATIONS = YES;
				CLANG_WARN_DIRECT_OBJC_ISA_USAGE = YES_ERROR;
				CLANG_WARN_DOCUMENTATION_COMMENTS = YES;
				CLANG_WARN_EMPTY_BODY = YES;
				CLANG_WARN_ENUM_CONVERSION = YES;
				CLANG_WARN_INFINITE_RECURSION = YES;
				CLANG_WARN_INT_CONVERSION = YES;
				CLANG_WARN_NON_LITERAL_NULL_CONVERSION = YES;
				CLANG_WARN_OBJC_IMPLICIT_RETAIN_SELF = YES;
				CLANG_WARN_OBJC_LITERAL_CONVERSION = YES;
				CLANG_WARN_OBJC_ROOT_CLASS = YES_ERROR;
				CLANG_WARN_RANGE_LOOP_ANALYSIS = YES;
				CLANG_WARN_STRICT_PROTOTYPES = YES;
				CLANG_WARN_SUSPICIOUS_MOVE = YES;
				CLANG_WARN_UNGUARDED_AVAILABILITY = YES_AGGRESSIVE;
				CLANG_WARN_UNREACHABLE_CODE = YES;
				CLANG_WARN__DUPLICATE_METHOD_MATCH = YES;
				COPY_PHASE_STRIP = NO;
				DEBUG_INFORMATION_FORMAT = "dwarf-with-dsym";
				ENABLE_NS_ASSERTIONS = NO;
				ENABLE_STRICT_OBJC_MSGSEND = YES;
				GCC_C_LANGUAGE_STANDARD = gnu11;
				GCC_NO_COMMON_BLOCKS = YES;
				GCC_WARN_64_TO_32_BIT_CONVERSION = YES;
				GCC_WARN_ABOUT_RETURN_TYPE = YES_ERROR;
				GCC_WARN_UNDECLARED_SELECTOR = YES;
				GCC_WARN_UNINITIALIZED_AUTOS = YES_AGGRESSIVE;
				GCC_WARN_UNUSED_FUNCTION = YES;
				GCC_WARN_UNUSED_VARIABLE = YES;
				IPHONEOS_DEPLOYMENT_TARGET = 13.2;
				MTL_ENABLE_DEBUG_INFO = NO;
				MTL_FAST_MATH = YES;
				SDKROOT = iphoneos;
				SWIFT_COMPILATION_MODE = wholemodule;
				SWIFT_OPTIMIZATION_LEVEL = "-O";
				VALIDATE_PRODUCT = YES;
			};
			name = Release;
		};
		B67621DB241D4BEB00A3C79C /* Debug */ = {
			isa = XCBuildConfiguration;
			buildSettings = {
				ASSETCATALOG_COMPILER_APPICON_NAME = AppIcon;
				CODE_SIGN_STYLE = Automatic;
				DEVELOPMENT_TEAM = 6WLV67D2QG;
				INFOPLIST_FILE = Example/Info.plist;
				IPHONEOS_DEPLOYMENT_TARGET = 10.0;
				LD_RUNPATH_SEARCH_PATHS = (
					"$(inherited)",
					"@executable_path/Frameworks",
				);
				PRODUCT_BUNDLE_IDENTIFIER = com.someprojects.Example;
				PRODUCT_NAME = "$(TARGET_NAME)";
				SWIFT_VERSION = 5.0;
				TARGETED_DEVICE_FAMILY = "1,2";
			};
			name = Debug;
		};
		B67621DC241D4BEB00A3C79C /* Release */ = {
			isa = XCBuildConfiguration;
			buildSettings = {
				ASSETCATALOG_COMPILER_APPICON_NAME = AppIcon;
				CODE_SIGN_STYLE = Automatic;
				DEVELOPMENT_TEAM = 6WLV67D2QG;
				INFOPLIST_FILE = Example/Info.plist;
				IPHONEOS_DEPLOYMENT_TARGET = 10.0;
				LD_RUNPATH_SEARCH_PATHS = (
					"$(inherited)",
					"@executable_path/Frameworks",
				);
				PRODUCT_BUNDLE_IDENTIFIER = com.someprojects.Example;
				PRODUCT_NAME = "$(TARGET_NAME)";
				SWIFT_VERSION = 5.0;
				TARGETED_DEVICE_FAMILY = "1,2";
			};
			name = Release;
		};
/* End XCBuildConfiguration section */

/* Begin XCConfigurationList section */
		B67621C1241D4BEA00A3C79C /* Build configuration list for PBXProject "Example" */ = {
			isa = XCConfigurationList;
			buildConfigurations = (
				B67621D8241D4BEB00A3C79C /* Debug */,
				B67621D9241D4BEB00A3C79C /* Release */,
			);
			defaultConfigurationIsVisible = 0;
			defaultConfigurationName = Release;
		};
		B67621DA241D4BEB00A3C79C /* Build configuration list for PBXNativeTarget "Example" */ = {
			isa = XCConfigurationList;
			buildConfigurations = (
				B67621DB241D4BEB00A3C79C /* Debug */,
				B67621DC241D4BEB00A3C79C /* Release */,
			);
			defaultConfigurationIsVisible = 0;
			defaultConfigurationName = Release;
		};
/* End XCConfigurationList section */
	};
	rootObject = B67621BE241D4BEA00A3C79C /* Project object */;
}
